
Microsoft Visual Studio Solution File, Format Version 11.00
# Visual Studio 2010
Project("{FAE04EC0-301F-11D3-BF4B-00C04F79EFBC}") = "Assembly-CSharp", "Assembly-CSharp.csproj", "{56061CAF-A10A-6BB4-7616-93EFE92E0DF4}"
EndProject
Project("{FAE04EC0-301F-11D3-BF4B-00C04F79EFBC}") = "Assembly-CSharp-firstpass", "Assembly-CSharp-firstpass.csproj", "{D39540A0-2F9A-8C48-1817-B8770E29C93A}"
EndProject
Project("{FAE04EC0-301F-11D3-BF4B-00C04F79EFBC}") = "Assembly-CSharp-Editor-firstpass", "Assembly-CSharp-Editor-firstpass.csproj", "{3D8E05FC-9F25-1FEE-D2CA-E65B0CD00DD7}"
EndProject
Global
	GlobalSection(SolutionConfigurationPlatforms) = preSolution
		Debug|Any CPU = Debug|Any CPU
		Release|Any CPU = Release|Any CPU
	EndGlobalSection
	GlobalSection(ProjectConfigurationPlatforms) = postSolution
		{56061CAF-A10A-6BB4-7616-93EFE92E0DF4}.Debug|Any CPU.ActiveCfg = Debug|Any CPU
		{56061CAF-A10A-6BB4-7616-93EFE92E0DF4}.Debug|Any CPU.Build.0 = Debug|Any CPU
		{56061CAF-A10A-6BB4-7616-93EFE92E0DF4}.Release|Any CPU.ActiveCfg = Release|Any CPU
		{56061CAF-A10A-6BB4-7616-93EFE92E0DF4}.Release|Any CPU.Build.0 = Release|Any CPU
		{D39540A0-2F9A-8C48-1817-B8770E29C93A}.Debug|Any CPU.ActiveCfg = Debug|Any CPU
		{D39540A0-2F9A-8C48-1817-B8770E29C93A}.Debug|Any CPU.Build.0 = Debug|Any CPU
		{D39540A0-2F9A-8C48-1817-B8770E29C93A}.Release|Any CPU.ActiveCfg = Release|Any CPU
		{D39540A0-2F9A-8C48-1817-B8770E29C93A}.Release|Any CPU.Build.0 = Release|Any CPU
		{3D8E05FC-9F25-1FEE-D2CA-E65B0CD00DD7}.Debug|Any CPU.ActiveCfg = Debug|Any CPU
		{3D8E05FC-9F25-1FEE-D2CA-E65B0CD00DD7}.Debug|Any CPU.Build.0 = Debug|Any CPU
		{3D8E05FC-9F25-1FEE-D2CA-E65B0CD00DD7}.Release|Any CPU.ActiveCfg = Release|Any CPU
		{3D8E05FC-9F25-1FEE-D2CA-E65B0CD00DD7}.Release|Any CPU.Build.0 = Release|Any CPU
	EndGlobalSection
	GlobalSection(SolutionProperties) = preSolution
		HideSolutionNode = FALSE
	EndGlobalSection
EndGlobal
